
Microsoft Visual Studio Solution File, Format Version 12.00
# Visual Studio Version 17
VisualStudioVersion = 17.5.002.0
MinimumVisualStudioVersion = 10.0.40219.1
Project("{9A19103F-16F7-4668-BE54-9A1E7A4F7556}") = "backend", "backend\backend.csproj", "{EDA01218-F494-4DCD-BE15-0A4E8AAF7E69}"
EndProject
Global
	GlobalSection(SolutionConfigurationPlatforms) = preSolution
		Debug|Any CPU = Debug|Any CPU
		Release|Any CPU = Release|Any CPU
	EndGlobalSection
	GlobalSection(ProjectConfigurationPlatforms) = postSolution
		{EDA01218-F494-4DCD-BE15-0A4E8AAF7E69}.Debug|Any CPU.ActiveCfg = Debug|Any CPU
		{EDA01218-F494-4DCD-BE15-0A4E8AAF7E69}.Debug|Any CPU.Build.0 = Debug|Any CPU
		{EDA01218-F494-4DCD-BE15-0A4E8AAF7E69}.Release|Any CPU.ActiveCfg = Release|Any CPU
		{EDA01218-F494-4DCD-BE15-0A4E8AAF7E69}.Release|Any CPU.Build.0 = Release|Any CPU
	EndGlobalSection
	GlobalSection(SolutionProperties) = preSolution
		HideSolutionNode = FALSE
	EndGlobalSection
	GlobalSection(ExtensibilityGlobals) = postSolution
		SolutionGuid = {6A19637D-94D4-4F55-98BC-1BD8A06CB388}
	EndGlobalSection
EndGlobal
